{
  "requires": true,
  "lockfileVersion": 1,
  "dependencies": {
    "dwz_test": {
      "version": "1.0.1",
      "resolved": "https://registry.npmjs.org/dwz_test/-/dwz_test-1.0.1.tgz",
      "integrity": "sha512-rs0EeKwGtW/uik9D8+nJthtXIJSMs/LIPAOHycpOWqkXXF1qp7MO33Jyn4t2KLbRUfG+7mPQZgEjy/PaWr415w=="
    }
  }
}
